# This file is automatically @generated by Cargo.
# It is not intended for manual editing.
version = 4

[[package]]
name = "foldhash"
version = "0.2.0"
source = "registry+https://github.com/rust-lang/crates.io-index"
checksum = "77ce24cb58228fbb8aa041425bb1050850ac19177686ea6e0f41a70416f56fdb"

[[package]]
name = "toml-spanner"
version = "1.0.2"
source = "registry+https://github.com/rust-lang/crates.io-index"
checksum = "48860e476211e93370c65135bf7fcdd0d77e3947f710246e6ec7945714011439"
dependencies = [
 "foldhash",
 "toml-spanner-macros",
 "zmij",
]

[[package]]
name = "toml-spanner-macros"
version = "1.0.0"
source = "registry+https://github.com/rust-lang/crates.io-index"
checksum = "8e31f017b6327c4d14f8a90240489076bdb23ea7d1c514ed1a45f72739c717ec"

[[package]]
name = "toml_spanner_learn"
version = "0.1.0"
dependencies = [
 "toml-spanner",
]

[[package]]
name = "zmij"
version = "1.0.21"
source = "registry+https://github.com/rust-lang/crates.io-index"
checksum = "b8848ee67ecc8aedbaf3e4122217aff892639231befc6a1b58d29fff4c2cabaa"
